// !$*UTF8*$!
{
	archiveVersion = 1;
	classes = {
	};
	objectVersion = 56;
	objects = {

/* Begin PBXBuildFile section */
		742A904B2A1C9F2F00829474 /* CofferatoriumApp.swift in Sources */ = {isa = PBXBuildFile; fileRef = 742A904A2A1C9F2F00829474 /* CofferatoriumApp.swift */; };
		742A904F2A1C9F3000829474 /* Assets.xcassets in Resources */ = {isa = PBXBuildFile; fileRef = 742A904E2A1C9F3000829474 /* Assets.xcassets */; };
		742A90522A1C9F3000829474 /* Preview Assets.xcassets in Resources */ = {isa = PBXBuildFile; fileRef = 742A90512A1C9F3000829474 /* Preview Assets.xcassets */; };
		742A905C2A1C9F3000829474 /* CofferatoriumTests.swift in Sources */ = {isa = PBXBuildFile; fileRef = 742A905B2A1C9F3000829474 /* CofferatoriumTests.swift */; };
		742A90662A1C9F3000829474 /* CofferatoriumUITests.swift in Sources */ = {isa = PBXBuildFile; fileRef = 742A90652A1C9F3000829474 /* CofferatoriumUITests.swift */; };
		742A90682A1C9F3000829474 /* CofferatoriumUITestsLaunchTests.swift in Sources */ = {isa = PBXBuildFile; fileRef = 742A90672A1C9F3000829474 /* CofferatoriumUITestsLaunchTests.swift */; };
		742A90752A1C9FEA00829474 /* MainView.swift in Sources */ = {isa = PBXBuildFile; fileRef = 742A90742A1C9FEA00829474 /* MainView.swift */; };
		7481ACFA2A25B60500C17A29 /* CookBook.swift in Sources */ = {isa = PBXBuildFile; fileRef = 7481ACF92A25B60500C17A29 /* CookBook.swift */; };
		7481ACFC2A25B62D00C17A29 /* AccountPage.swift in Sources */ = {isa = PBXBuildFile; fileRef = 7481ACFB2A25B62D00C17A29 /* AccountPage.swift */; };
/* End PBXBuildFile section */

/* Begin PBXContainerItemProxy section */
		742A90582A1C9F3000829474 /* PBXContainerItemProxy */ = {
			isa = PBXContainerItemProxy;
			containerPortal = 742A903F2A1C9F2F00829474 /* Project object */;
			proxyType = 1;
			remoteGlobalIDString = 742A90462A1C9F2F00829474;
			remoteInfo = Cofferatorium;
		};
		742A90622A1C9F3000829474 /* PBXContainerItemProxy */ = {
			isa = PBXContainerItemProxy;
			containerPortal = 742A903F2A1C9F2F00829474 /* Project object */;
			proxyType = 1;
			remoteGlobalIDString = 742A90462A1C9F2F00829474;
			remoteInfo = Cofferatorium;
		};
/* End PBXContainerItemProxy section */

/* Begin PBXFileReference section */
		742A90472A1C9F2F00829474 /* Cofferatorium.app */ = {isa = PBXFileReference; explicitFileType = wrapper.application; includeInIndex = 0; path = Cofferatorium.app; sourceTree = BUILT_PRODUCTS_DIR; };
		742A904A2A1C9F2F00829474 /* CofferatoriumApp.swift */ = {isa = PBXFileReference; lastKnownFileType = sourcecode.swift; path = CofferatoriumApp.swift; sourceTree = "<group>"; };
		742A904E2A1C9F3000829474 /* Assets.xcassets */ = {isa = PBXFileReference; lastKnownFileType = folder.assetcatalog; path = Assets.xcassets; sourceTree = "<group>"; };
		742A90512A1C9F3000829474 /* Preview Assets.xcassets */ = {isa = PBXFileReference; lastKnownFileType = folder.assetcatalog; path = "Preview Assets.xcassets"; sourceTree = "<group>"; };
		742A90572A1C9F3000829474 /* CofferatoriumTests.xctest */ = {isa = PBXFileReference; explicitFileType = wrapper.cfbundle; includeInIndex = 0; path = CofferatoriumTests.xctest; sourceTree = BUILT_PRODUCTS_DIR; };
		742A905B2A1C9F3000829474 /* CofferatoriumTests.swift */ = {isa = PBXFileReference; lastKnownFileType = sourcecode.swift; path = CofferatoriumTests.swift; sourceTree = "<group>"; };
		742A90612A1C9F3000829474 /* CofferatoriumUITests.xctest */ = {isa = PBXFileReference; explicitFileType = wrapper.cfbundle; includeInIndex = 0; path = CofferatoriumUITests.xctest; sourceTree = BUILT_PRODUCTS_DIR; };
		742A90652A1C9F3000829474 /* CofferatoriumUITests.swift */ = {isa = PBXFileReference; lastKnownFileType = sourcecode.swift; path = CofferatoriumUITests.swift; sourceTree = "<group>"; };
		742A90672A1C9F3000829474 /* CofferatoriumUITestsLaunchTests.swift */ = {isa = PBXFileReference; lastKnownFileType = sourcecode.swift; path = CofferatoriumUITestsLaunchTests.swift; sourceTree = "<group>"; };
		742A90742A1C9FEA00829474 /* MainView.swift */ = {isa = PBXFileReference; lastKnownFileType = sourcecode.swift; path = MainView.swift; sourceTree = "<group>"; };
		7481ACF92A25B60500C17A29 /* CookBook.swift */ = {isa = PBXFileReference; lastKnownFileType = sourcecode.swift; path = CookBook.swift; sourceTree = "<group>"; };
		7481ACFB2A25B62D00C17A29 /* AccountPage.swift */ = {isa = PBXFileReference; lastKnownFileType = sourcecode.swift; path = AccountPage.swift; sourceTree = "<group>"; };
/* End PBXFileReference section */

/* Begin PBXFrameworksBuildPhase section */
		742A90442A1C9F2F00829474 /* Frameworks */ = {
			isa = PBXFrameworksBuildPhase;
			buildActionMask = 2147483647;
			files = (
			);
			runOnlyForDeploymentPostprocessing = 0;
		};
		742A90542A1C9F3000829474 /* Frameworks */ = {
			isa = PBXFrameworksBuildPhase;
			buildActionMask = 2147483647;
			files = (
			);
			runOnlyForDeploymentPostprocessing = 0;
		};
		742A905E2A1C9F3000829474 /* Frameworks */ = {
			isa = PBXFrameworksBuildPhase;
			buildActionMask = 2147483647;
			files = (
			);
			runOnlyForDeploymentPostprocessing = 0;
		};
/* End PBXFrameworksBuildPhase section */

/* Begin PBXGroup section */
		742A903E2A1C9F2F00829474 = {
			isa = PBXGroup;
			children = (
				742A90492A1C9F2F00829474 /* Cofferatorium */,
				742A905A2A1C9F3000829474 /* CofferatoriumTests */,
				742A90642A1C9F3000829474 /* CofferatoriumUITests */,
				742A90482A1C9F2F00829474 /* Products */,
			);
			sourceTree = "<group>";
		};
		742A90482A1C9F2F00829474 /* Products */ = {
			isa = PBXGroup;
			children = (
				742A90472A1C9F2F00829474 /* Cofferatorium.app */,
				742A90572A1C9F3000829474 /* CofferatoriumTests.xctest */,
				742A90612A1C9F3000829474 /* CofferatoriumUITests.xctest */,
			);
			name = Products;
			sourceTree = "<group>";
		};
		742A90492A1C9F2F00829474 /* Cofferatorium */ = {
			isa = PBXGroup;
			children = (
				742A904A2A1C9F2F00829474 /* CofferatoriumApp.swift */,
				742A904E2A1C9F3000829474 /* Assets.xcassets */,
				7481ACF92A25B60500C17A29 /* CookBook.swift */,
				742A90742A1C9FEA00829474 /* MainView.swift */,
				7481ACFB2A25B62D00C17A29 /* AccountPage.swift */,
				742A90502A1C9F3000829474 /* Preview Content */,
			);
			path = Cofferatorium;
			sourceTree = "<group>";
		};
		742A90502A1C9F3000829474 /* Preview Content */ = {
			isa = PBXGroup;
			children = (
				742A90512A1C9F3000829474 /* Preview Assets.xcassets */,
			);
			path = "Preview Content";
			sourceTree = "<group>";
		};
		742A905A2A1C9F3000829474 /* CofferatoriumTests */ = {
			isa = PBXGroup;
			children = (
				742A905B2A1C9F3000829474 /* CofferatoriumTests.swift */,
			);
			path = CofferatoriumTests;
			sourceTree = "<group>";
		};
		742A90642A1C9F3000829474 /* CofferatoriumUITests */ = {
			isa = PBXGroup;
			children = (
				742A90652A1C9F3000829474 /* CofferatoriumUITests.swift */,
				742A90672A1C9F3000829474 /* CofferatoriumUITestsLaunchTests.swift */,
			);
			path = CofferatoriumUITests;
			sourceTree = "<group>";
		};
/* End PBXGroup section */

/* Begin PBXNativeTarget section */
		742A90462A1C9F2F00829474 /* Cofferatorium */ = {
			isa = PBXNativeTarget;
			buildConfigurationList = 742A906B2A1C9F3000829474 /* Build configuration list for PBXNativeTarget "Cofferatorium" */;
			buildPhases = (
				742A90432A1C9F2F00829474 /* Sources */,
				742A90442A1C9F2F00829474 /* Frameworks */,
				742A90452A1C9F2F00829474 /* Resources */,
			);
			buildRules = (
			);
			dependencies = (
			);
			name = Cofferatorium;
			productName = Cofferatorium;
			productReference = 742A90472A1C9F2F00829474 /* Cofferatorium.app */;
			productType = "com.apple.product-type.application";
		};
		742A90562A1C9F3000829474 /* CofferatoriumTests */ = {
			isa = PBXNativeTarget;
			buildConfigurationList = 742A906E2A1C9F3000829474 /* Build configuration list for PBXNativeTarget "CofferatoriumTests" */;
			buildPhases = (
				742A90532A1C9F3000829474 /* Sources */,
				742A90542A1C9F3000829474 /* Frameworks */,
				742A90552A1C9F3000829474 /* Resources */,
			);
			buildRules = (
			);
			dependencies = (
				742A90592A1C9F3000829474 /* PBXTargetDependency */,
			);
			name = CofferatoriumTests;
			productName = CofferatoriumTests;
			productReference = 742A90572A1C9F3000829474 /* CofferatoriumTests.xctest */;
			productType = "com.apple.product-type.bundle.unit-test";
		};
		742A90602A1C9F3000829474 /* CofferatoriumUITests */ = {
			isa = PBXNativeTarget;
			buildConfigurationList = 742A90712A1C9F3000829474 /* Build configuration list for PBXNativeTarget "CofferatoriumUITests" */;
			buildPhases = (
				742A905D2A1C9F3000829474 /* Sources */,
				742A905E2A1C9F3000829474 /* Frameworks */,
				742A905F2A1C9F3000829474 /* Resources */,
			);
			buildRules = (
			);
			dependencies = (
				742A90632A1C9F3000829474 /* PBXTargetDependency */,
			);
			name = CofferatoriumUITests;
			productName = CofferatoriumUITests;
			productReference = 742A90612A1C9F3000829474 /* CofferatoriumUITests.xctest */;
			productType = "com.apple.product-type.bundle.ui-testing";
		};
/* End PBXNativeTarget section */

/* Begin PBXProject section */
		742A903F2A1C9F2F00829474 /* Project object */ = {
			isa = PBXProject;
			attributes = {
				BuildIndependentTargetsInParallel = 1;
				LastSwiftUpdateCheck = 1430;
				LastUpgradeCheck = 1430;
				TargetAttributes = {
					742A90462A1C9F2F00829474 = {
						CreatedOnToolsVersion = 14.3;
					};
					742A90562A1C9F3000829474 = {
						CreatedOnToolsVersion = 14.3;
						TestTargetID = 742A90462A1C9F2F00829474;
					};
					742A90602A1C9F3000829474 = {
						CreatedOnToolsVersion = 14.3;
						TestTargetID = 742A90462A1C9F2F00829474;
					};
				};
			};
			buildConfigurationList = 742A90422A1C9F2F00829474 /* Build configuration list for PBXProject "Cofferatorium" */;
			compatibilityVersion = "Xcode 14.0";
			developmentRegion = en;
			hasScannedForEncodings = 0;
			knownRegions = (
				en,
				Base,
			);
			mainGroup = 742A903E2A1C9F2F00829474;
			productRefGroup = 742A90482A1C9F2F00829474 /* Products */;
			projectDirPath = "";
			projectRoot = "";
			targets = (
				742A90462A1C9F2F00829474 /* Cofferatorium */,
				742A90562A1C9F3000829474 /* CofferatoriumTests */,
				742A90602A1C9F3000829474 /* CofferatoriumUITests */,
			);
		};
/* End PBXProject section */

/* Begin PBXResourcesBuildPhase section */
		742A90452A1C9F2F00829474 /* Resources */ = {
			isa = PBXResourcesBuildPhase;
			buildActionMask = 2147483647;
			files = (
				742A90522A1C9F3000829474 /* Preview Assets.xcassets in Resources */,
				742A904F2A1C9F3000829474 /* Assets.xcassets in Resources */,
			);
			runOnlyForDeploymentPostprocessing = 0;
		};
		742A90552A1C9F3000829474 /* Resources */ = {
			isa = PBXResourcesBuildPhase;
			buildActionMask = 2147483647;
			files = (
			);
			runOnlyForDeploymentPostprocessing = 0;
		};
		742A905F2A1C9F3000829474 /* Resources */ = {
			isa = PBXResourcesBuildPhase;
			buildActionMask = 2147483647;
			files = (
			);
			runOnlyForDeploymentPostprocessing = 0;
		};
/* End PBXResourcesBuildPhase section */

/* Begin PBXSourcesBuildPhase section */
		742A90432A1C9F2F00829474 /* Sources */ = {
			isa = PBXSourcesBuildPhase;
			buildActionMask = 2147483647;
			files = (
				742A904B2A1C9F2F00829474 /* CofferatoriumApp.swift in Sources */,
				742A90752A1C9FEA00829474 /* MainView.swift in Sources */,
				7481ACFC2A25B62D00C17A29 /* AccountPage.swift in Sources */,
				7481ACFA2A25B60500C17A29 /* CookBook.swift in Sources */,
			);
			runOnlyForDeploymentPostprocessing = 0;
		};
		742A90532A1C9F3000829474 /* Sources */ = {
			isa = PBXSourcesBuildPhase;
			buildActionMask = 2147483647;
			files = (
				742A905C2A1C9F3000829474 /* CofferatoriumTests.swift in Sources */,
			);
			runOnlyForDeploymentPostprocessing = 0;
		};
		742A905D2A1C9F3000829474 /* Sources */ = {
			isa = PBXSourcesBuildPhase;
			buildActionMask = 2147483647;
			files = (
				742A90662A1C9F3000829474 /* CofferatoriumUITests.swift in Sources */,
				742A90682A1C9F3000829474 /* CofferatoriumUITestsLaunchTests.swift in Sources */,
			);
			runOnlyForDeploymentPostprocessing = 0;
		};
/* End PBXSourcesBuildPhase section */

/* Begin PBXTargetDependency section */
		742A90592A1C9F3000829474 /* PBXTargetDependency */ = {
			isa = PBXTargetDependency;
			target = 742A90462A1C9F2F00829474 /* Cofferatorium */;
			targetProxy = 742A90582A1C9F3000829474 /* PBXContainerItemProxy */;
		};
		742A90632A1C9F3000829474 /* PBXTargetDependency */ = {
			isa = PBXTargetDependency;
			target = 742A90462A1C9F2F00829474 /* Cofferatorium */;
			targetProxy = 742A90622A1C9F3000829474 /* PBXContainerItemProxy */;
		};
/* End PBXTargetDependency section */

/* Begin XCBuildConfiguration section */
		742A90692A1C9F3000829474 /* Debug */ = {
			isa = XCBuildConfiguration;
			buildSettings = {
				ALWAYS_SEARCH_USER_PATHS = NO;
				CLANG_ANALYZER_NONNULL = YES;
				CLANG_ANALYZER_NUMBER_OBJECT_CONVERSION = YES_AGGRESSIVE;
				CLANG_CXX_LANGUAGE_STANDARD = "gnu++20";
				CLANG_ENABLE_MODULES = YES;
				CLANG_ENABLE_OBJC_ARC = YES;
				CLANG_ENABLE_OBJC_WEAK = YES;
				CLANG_WARN_BLOCK_CAPTURE_AUTORELEASING = YES;
				CLANG_WARN_BOOL_CONVERSION = YES;
				CLANG_WARN_COMMA = YES;
				CLANG_WARN_CONSTANT_CONVERSION = YES;
				CLANG_WARN_DEPRECATED_OBJC_IMPLEMENTATIONS = YES;
				CLANG_WARN_DIRECT_OBJC_ISA_USAGE = YES_ERROR;
				CLANG_WARN_DOCUMENTATION_COMMENTS = YES;
				CLANG_WARN_EMPTY_BODY = YES;
				CLANG_WARN_ENUM_CONVERSION = YES;
				CLANG_WARN_INFINITE_RECURSION = YES;
				CLANG_WARN_INT_CONVERSION = YES;
				CLANG_WARN_NON_LITERAL_NULL_CONVERSION = YES;
				CLANG_WARN_OBJC_IMPLICIT_RETAIN_SELF = YES;
				CLANG_WARN_OBJC_LITERAL_CONVERSION = YES;
				CLANG_WARN_OBJC_ROOT_CLASS = YES_ERROR;
				CLANG_WARN_QUOTED_INCLUDE_IN_FRAMEWORK_HEADER = YES;
				CLANG_WARN_RANGE_LOOP_ANALYSIS = YES;
				CLANG_WARN_STRICT_PROTOTYPES = YES;
				CLANG_WARN_SUSPICIOUS_MOVE = YES;
				CLANG_WARN_UNGUARDED_AVAILABILITY = YES_AGGRESSIVE;
				CLANG_WARN_UNREACHABLE_CODE = YES;
				CLANG_WARN__DUPLICATE_METHOD_MATCH = YES;
				COPY_PHASE_STRIP = NO;
				DEBUG_INFORMATION_FORMAT = dwarf;
				ENABLE_STRICT_OBJC_MSGSEND = YES;
				ENABLE_TESTABILITY = YES;
				GCC_C_LANGUAGE_STANDARD = gnu11;
				GCC_DYNAMIC_NO_PIC = NO;
				GCC_NO_COMMON_BLOCKS = YES;
				GCC_OPTIMIZATION_LEVEL = 0;
				GCC_PREPROCESSOR_DEFINITIONS = (
					"DEBUG=1",
					"$(inherited)",
				);
				GCC_WARN_64_TO_32_BIT_CONVERSION = YES;
				GCC_WARN_ABOUT_RETURN_TYPE = YES_ERROR;
				GCC_WARN_UNDECLARED_SELECTOR = YES;
				GCC_WARN_UNINITIALIZED_AUTOS = YES_AGGRESSIVE;
				GCC_WARN_UNUSED_FUNCTION = YES;
				GCC_WARN_UNUSED_VARIABLE = YES;
				IPHONEOS_DEPLOYMENT_TARGET = 16.4;
				MTL_ENABLE_DEBUG_INFO = INCLUDE_SOURCE;
				MTL_FAST_MATH = YES;
				ONLY_ACTIVE_ARCH = YES;
				SDKROOT = iphoneos;
				SWIFT_ACTIVE_COMPILATION_CONDITIONS = DEBUG;
				SWIFT_OPTIMIZATION_LEVEL = "-Onone";
			};
			name = Debug;
		};
		742A906A2A1C9F3000829474 /* Release */ = {
			isa = XCBuildConfiguration;
			buildSettings = {
				ALWAYS_SEARCH_USER_PATHS = NO;
				CLANG_ANALYZER_NONNULL = YES;
				CLANG_ANALYZER_NUMBER_OBJECT_CONVERSION = YES_AGGRESSIVE;
				CLANG_CXX_LANGUAGE_STANDARD = "gnu++20";
				CLANG_ENABLE_MODULES = YES;
				CLANG_ENABLE_OBJC_ARC = YES;
				CLANG_ENABLE_OBJC_WEAK = YES;
				CLANG_WARN_BLOCK_CAPTURE_AUTORELEASING = YES;
				CLANG_WARN_BOOL_CONVERSION = YES;
				CLANG_WARN_COMMA = YES;
				CLANG_WARN_CONSTANT_CONVERSION = YES;
				CLANG_WARN_DEPRECATED_OBJC_IMPLEMENTATIONS = YES;
				CLANG_WARN_DIRECT_OBJC_ISA_USAGE = YES_ERROR;
				CLANG_WARN_DOCUMENTATION_COMMENTS = YES;
				CLANG_WARN_EMPTY_BODY = YES;
				CLANG_WARN_ENUM_CONVERSION = YES;
				CLANG_WARN_INFINITE_RECURSION = YES;
				CLANG_WARN_INT_CONVERSION = YES;
				CLANG_WARN_NON_LITERAL_NULL_CONVERSION = YES;
				CLANG_WARN_OBJC_IMPLICIT_RETAIN_SELF = YES;
				CLANG_WARN_OBJC_LITERAL_CONVERSION = YES;
				CLANG_WARN_OBJC_ROOT_CLASS = YES_ERROR;
				CLANG_WARN_QUOTED_INCLUDE_IN_FRAMEWORK_HEADER = YES;
				CLANG_WARN_RANGE_LOOP_ANALYSIS = YES;
				CLANG_WARN_STRICT_PROTOTYPES = YES;
				CLANG_WARN_SUSPICIOUS_MOVE = YES;
				CLANG_WARN_UNGUARDED_AVAILABILITY = YES_AGGRESSIVE;
				CLANG_WARN_UNREACHABLE_CODE = YES;
				CLANG_WARN__DUPLICATE_METHOD_MATCH = YES;
				COPY_PHASE_STRIP = NO;
				DEBUG_INFORMATION_FORMAT = "dwarf-with-dsym";
				ENABLE_NS_ASSERTIONS = NO;
				ENABLE_STRICT_OBJC_MSGSEND = YES;
				GCC_C_LANGUAGE_STANDARD = gnu11;
				GCC_NO_COMMON_BLOCKS = YES;
				GCC_WARN_64_TO_32_BIT_CONVERSION = YES;
				GCC_WARN_ABOUT_RETURN_TYPE = YES_ERROR;
				GCC_WARN_UNDECLARED_SELECTOR = YES;
				GCC_WARN_UNINITIALIZED_AUTOS = YES_AGGRESSIVE;
				GCC_WARN_UNUSED_FUNCTION = YES;
				GCC_WARN_UNUSED_VARIABLE = YES;
				IPHONEOS_DEPLOYMENT_TARGET = 16.4;
				MTL_ENABLE_DEBUG_INFO = NO;
				MTL_FAST_MATH = YES;
				SDKROOT = iphoneos;
				SWIFT_COMPILATION_MODE = wholemodule;
				SWIFT_OPTIMIZATION_LEVEL = "-O";
				VALIDATE_PRODUCT = YES;
			};
			name = Release;
		};
		742A906C2A1C9F3000829474 /* Debug */ = {
			isa = XCBuildConfiguration;
			buildSettings = {
				ASSETCATALOG_COMPILER_APPICON_NAME = AppIcon;
				ASSETCATALOG_COMPILER_GLOBAL_ACCENT_COLOR_NAME = AccentColor;
				CODE_SIGN_STYLE = Automatic;
				CURRENT_PROJECT_VERSION = 1;
				DEVELOPMENT_ASSET_PATHS = "\"Cofferatorium/Preview Content\"";
				DEVELOPMENT_TEAM = MTGV8S7M8J;
				ENABLE_PREVIEWS = YES;
				GENERATE_INFOPLIST_FILE = YES;
				INFOPLIST_KEY_UIApplicationSceneManifest_Generation = YES;
				INFOPLIST_KEY_UIApplicationSupportsIndirectInputEvents = YES;
				INFOPLIST_KEY_UILaunchScreen_Generation = YES;
				INFOPLIST_KEY_UISupportedInterfaceOrientations_iPad = "UIInterfaceOrientationPortrait UIInterfaceOrientationPortraitUpsideDown UIInterfaceOrientationLandscapeLeft UIInterfaceOrientationLandscapeRight";
				INFOPLIST_KEY_UISupportedInterfaceOrientations_iPhone = "UIInterfaceOrientationPortrait UIInterfaceOrientationLandscapeLeft UIInterfaceOrientationLandscapeRight";
				LD_RUNPATH_SEARCH_PATHS = (
					"$(inherited)",
					"@executable_path/Frameworks",
				);
				MARKETING_VERSION = 1.0;
				PRODUCT_BUNDLE_IDENTIFIER = apple.cip.Cofferatorium;
				PRODUCT_NAME = "$(TARGET_NAME)";
				SWIFT_EMIT_LOC_STRINGS = YES;
				SWIFT_VERSION = 5.0;
				TARGETED_DEVICE_FAMILY = "1,2";
			};
			name = Debug;
		};
		742A906D2A1C9F3000829474 /* Release */ = {
			isa = XCBuildConfiguration;
			buildSettings = {
				ASSETCATALOG_COMPILER_APPICON_NAME = AppIcon;
				ASSETCATALOG_COMPILER_GLOBAL_ACCENT_COLOR_NAME = AccentColor;
				CODE_SIGN_STYLE = Automatic;
				CURRENT_PROJECT_VERSION = 1;
				DEVELOPMENT_ASSET_PATHS = "\"Cofferatorium/Preview Content\"";
				DEVELOPMENT_TEAM = MTGV8S7M8J;
				ENABLE_PREVIEWS = YES;
				GENERATE_INFOPLIST_FILE = YES;
				INFOPLIST_KEY_UIApplicationSceneManifest_Generation = YES;
				INFOPLIST_KEY_UIApplicationSupportsIndirectInputEvents = YES;
				INFOPLIST_KEY_UILaunchScreen_Generation = YES;
				INFOPLIST_KEY_UISupportedInterfaceOrientations_iPad = "UIInterfaceOrientationPortrait UIInterfaceOrientationPortraitUpsideDown UIInterfaceOrientationLandscapeLeft UIInterfaceOrientationLandscapeRight";
				INFOPLIST_KEY_UISupportedInterfaceOrientations_iPhone = "UIInterfaceOrientationPortrait UIInterfaceOrientationLandscapeLeft UIInterfaceOrientationLandscapeRight";
				LD_RUNPATH_SEARCH_PATHS = (
					"$(inherited)",
					"@executable_path/Frameworks",
				);
				MARKETING_VERSION = 1.0;
				PRODUCT_BUNDLE_IDENTIFIER = apple.cip.Cofferatorium;
				PRODUCT_NAME = "$(TARGET_NAME)";
				SWIFT_EMIT_LOC_STRINGS = YES;
				SWIFT_VERSION = 5.0;
				TARGETED_DEVICE_FAMILY = "1,2";
			};
			name = Release;
		};
		742A906F2A1C9F3000829474 /* Debug */ = {
			isa = XCBuildConfiguration;
			buildSettings = {
				ALWAYS_EMBED_SWIFT_STANDARD_LIBRARIES = YES;
				BUNDLE_LOADER = "$(TEST_HOST)";
				CODE_SIGN_STYLE = Automatic;
				CURRENT_PROJECT_VERSION = 1;
				DEVELOPMENT_TEAM = MTGV8S7M8J;
				GENERATE_INFOPLIST_FILE = YES;
				IPHONEOS_DEPLOYMENT_TARGET = 16.4;
				MARKETING_VERSION = 1.0;
				PRODUCT_BUNDLE_IDENTIFIER = apple.cip.CofferatoriumTests;
				PRODUCT_NAME = "$(TARGET_NAME)";
				SWIFT_EMIT_LOC_STRINGS = NO;
				SWIFT_VERSION = 5.0;
				TARGETED_DEVICE_FAMILY = "1,2";
				TEST_HOST = "$(BUILT_PRODUCTS_DIR)/Cofferatorium.app/$(BUNDLE_EXECUTABLE_FOLDER_PATH)/Cofferatorium";
			};
			name = Debug;
		};
		742A90702A1C9F3000829474 /* Release */ = {
			isa = XCBuildConfiguration;
			buildSettings = {
				ALWAYS_EMBED_SWIFT_STANDARD_LIBRARIES = YES;
				BUNDLE_LOADER = "$(TEST_HOST)";
				CODE_SIGN_STYLE = Automatic;
				CURRENT_PROJECT_VERSION = 1;
				DEVELOPMENT_TEAM = MTGV8S7M8J;
				GENERATE_INFOPLIST_FILE = YES;
				IPHONEOS_DEPLOYMENT_TARGET = 16.4;
				MARKETING_VERSION = 1.0;
				PRODUCT_BUNDLE_IDENTIFIER = apple.cip.CofferatoriumTests;
				PRODUCT_NAME = "$(TARGET_NAME)";
				SWIFT_EMIT_LOC_STRINGS = NO;
				SWIFT_VERSION = 5.0;
				TARGETED_DEVICE_FAMILY = "1,2";
				TEST_HOST = "$(BUILT_PRODUCTS_DIR)/Cofferatorium.app/$(BUNDLE_EXECUTABLE_FOLDER_PATH)/Cofferatorium";
			};
			name = Release;
		};
		742A90722A1C9F3000829474 /* Debug */ = {
			isa = XCBuildConfiguration;
			buildSettings = {
				ALWAYS_EMBED_SWIFT_STANDARD_LIBRARIES = YES;
				CODE_SIGN_STYLE = Automatic;
				CURRENT_PROJECT_VERSION = 1;
				DEVELOPMENT_TEAM = MTGV8S7M8J;
				GENERATE_INFOPLIST_FILE = YES;
				MARKETING_VERSION = 1.0;
				PRODUCT_BUNDLE_IDENTIFIER = apple.cip.CofferatoriumUITests;
				PRODUCT_NAME = "$(TARGET_NAME)";
				SWIFT_EMIT_LOC_STRINGS = NO;
				SWIFT_VERSION = 5.0;
				TARGETED_DEVICE_FAMILY = "1,2";
				TEST_TARGET_NAME = Cofferatorium;
			};
			name = Debug;
		};
		742A90732A1C9F3000829474 /* Release */ = {
			isa = XCBuildConfiguration;
			buildSettings = {
				ALWAYS_EMBED_SWIFT_STANDARD_LIBRARIES = YES;
				CODE_SIGN_STYLE = Automatic;
				CURRENT_PROJECT_VERSION = 1;
				DEVELOPMENT_TEAM = MTGV8S7M8J;
				GENERATE_INFOPLIST_FILE = YES;
				MARKETING_VERSION = 1.0;
				PRODUCT_BUNDLE_IDENTIFIER = apple.cip.CofferatoriumUITests;
				PRODUCT_NAME = "$(TARGET_NAME)";
				SWIFT_EMIT_LOC_STRINGS = NO;
				SWIFT_VERSION = 5.0;
				TARGETED_DEVICE_FAMILY = "1,2";
				TEST_TARGET_NAME = Cofferatorium;
			};
			name = Release;
		};
/* End XCBuildConfiguration section */

/* Begin XCConfigurationList section */
		742A90422A1C9F2F00829474 /* Build configuration list for PBXProject "Cofferatorium" */ = {
			isa = XCConfigurationList;
			buildConfigurations = (
				742A90692A1C9F3000829474 /* Debug */,
				742A906A2A1C9F3000829474 /* Release */,
			);
			defaultConfigurationIsVisible = 0;
			defaultConfigurationName = Release;
		};
		742A906B2A1C9F3000829474 /* Build configuration list for PBXNativeTarget "Cofferatorium" */ = {
			isa = XCConfigurationList;
			buildConfigurations = (
				742A906C2A1C9F3000829474 /* Debug */,
				742A906D2A1C9F3000829474 /* Release */,
			);
			defaultConfigurationIsVisible = 0;
			defaultConfigurationName = Release;
		};
		742A906E2A1C9F3000829474 /* Build configuration list for PBXNativeTarget "CofferatoriumTests" */ = {
			isa = XCConfigurationList;
			buildConfigurations = (
				742A906F2A1C9F3000829474 /* Debug */,
				742A90702A1C9F3000829474 /* Release */,
			);
			defaultConfigurationIsVisible = 0;
			defaultConfigurationName = Release;
		};
		742A90712A1C9F3000829474 /* Build configuration list for PBXNativeTarget "CofferatoriumUITests" */ = {
			isa = XCConfigurationList;
			buildConfigurations = (
				742A90722A1C9F3000829474 /* Debug */,
				742A90732A1C9F3000829474 /* Release */,
			);
			defaultConfigurationIsVisible = 0;
			defaultConfigurationName = Release;
		};
/* End XCConfigurationList section */
	};
	rootObject = 742A903F2A1C9F2F00829474 /* Project object */;
}
